# This file was autogenerated by uv via the following command:
#    uv pip compile enricher/pyproject.toml -o enricher/requirements.lock
certifi==2025.8.3
    # via influxdb-client
influxdb-client==1.49.0
    # via data-enricher (enricher/pyproject.toml)
numpy==2.3.2
    # via
    #   data-enricher (enricher/pyproject.toml)
    #   pandas
    #   scipy
pandas==2.3.2
    # via data-enricher (enricher/pyproject.toml)
python-dateutil==2.9.0.post0
    # via
    #   influxdb-client
    #   pandas
python-dotenv==1.1.1
    # via data-enricher (enricher/pyproject.toml)
pytz==2025.2
    # via pandas
reactivex==4.0.4
    # via influxdb-client
schedule==1.2.2
    # via data-enricher (enricher/pyproject.toml)
scipy==1.16.1
    # via data-enricher (enricher/pyproject.toml)
setuptools==80.9.0
    # via influxdb-client
six==1.17.0
    # via python-dateutil
typing-extensions==4.15.0
    # via reactivex
tzdata==2025.2
    # via pandas
urllib3==2.5.0
    # via influxdb-client
